
Microsoft Visual Studio Solution File, Format Version 11.00
# Visual Studio 2010
Project("{8BC9CEB8-8B4A-11D0-8D11-00A0C91BC942}") = "_DFT_FFT_test", "FFT\FFT.vcxproj", "{044B32FD-E7A5-47E0-B034-137752AEA8EB}"
	ProjectSection(ProjectDependencies) = postProject
		{80B8BA4B-2C71-4072-BE5D-2FECC9BAE859} = {80B8BA4B-2C71-4072-BE5D-2FECC9BAE859}
	EndProjectSection
EndProject
Project("{8BC9CEB8-8B4A-11D0-8D11-00A0C91BC942}") = "wavVizFFT", "wavViz\wavViz.vcxproj", "{8AC3DC51-4E5F-4257-810F-0A3C8009700B}"
	ProjectSection(ProjectDependencies) = postProject
		{80B8BA4B-2C71-4072-BE5D-2FECC9BAE859} = {80B8BA4B-2C71-4072-BE5D-2FECC9BAE859}
	EndProjectSection
EndProject
Project("{8BC9CEB8-8B4A-11D0-8D11-00A0C91BC942}") = "MA_filter", "filter\filter.vcxproj", "{A8F7AB02-10C4-438E-B3AA-EE1FCDD53061}"
	ProjectSection(ProjectDependencies) = postProject
		{80B8BA4B-2C71-4072-BE5D-2FECC9BAE859} = {80B8BA4B-2C71-4072-BE5D-2FECC9BAE859}
	EndProjectSection
EndProject
Project("{8BC9CEB8-8B4A-11D0-8D11-00A0C91BC942}") = "AudioProcesisng", "AudioProcesisng\AudioProcesisng.vcxproj", "{80B8BA4B-2C71-4072-BE5D-2FECC9BAE859}"
EndProject
Project("{8BC9CEB8-8B4A-11D0-8D11-00A0C91BC942}") = "303teszt", "303teszt\303teszt.vcxproj", "{E0FF08C5-FD6F-4C3F-9309-82E3F1C58C0B}"
EndProject
Global
	GlobalSection(SolutionConfigurationPlatforms) = preSolution
		Debug|Win32 = Debug|Win32
		Release|Win32 = Release|Win32
	EndGlobalSection
	GlobalSection(ProjectConfigurationPlatforms) = postSolution
		{044B32FD-E7A5-47E0-B034-137752AEA8EB}.Debug|Win32.ActiveCfg = Debug|Win32
		{044B32FD-E7A5-47E0-B034-137752AEA8EB}.Debug|Win32.Build.0 = Debug|Win32
		{044B32FD-E7A5-47E0-B034-137752AEA8EB}.Release|Win32.ActiveCfg = Release|Win32
		{044B32FD-E7A5-47E0-B034-137752AEA8EB}.Release|Win32.Build.0 = Release|Win32
		{8AC3DC51-4E5F-4257-810F-0A3C8009700B}.Debug|Win32.ActiveCfg = Debug|Win32
		{8AC3DC51-4E5F-4257-810F-0A3C8009700B}.Debug|Win32.Build.0 = Debug|Win32
		{8AC3DC51-4E5F-4257-810F-0A3C8009700B}.Release|Win32.ActiveCfg = Release|Win32
		{8AC3DC51-4E5F-4257-810F-0A3C8009700B}.Release|Win32.Build.0 = Release|Win32
		{A8F7AB02-10C4-438E-B3AA-EE1FCDD53061}.Debug|Win32.ActiveCfg = Debug|Win32
		{A8F7AB02-10C4-438E-B3AA-EE1FCDD53061}.Debug|Win32.Build.0 = Debug|Win32
		{A8F7AB02-10C4-438E-B3AA-EE1FCDD53061}.Release|Win32.ActiveCfg = Release|Win32
		{A8F7AB02-10C4-438E-B3AA-EE1FCDD53061}.Release|Win32.Build.0 = Release|Win32
		{80B8BA4B-2C71-4072-BE5D-2FECC9BAE859}.Debug|Win32.ActiveCfg = Debug|Win32
		{80B8BA4B-2C71-4072-BE5D-2FECC9BAE859}.Debug|Win32.Build.0 = Debug|Win32
		{80B8BA4B-2C71-4072-BE5D-2FECC9BAE859}.Release|Win32.ActiveCfg = Release|Win32
		{80B8BA4B-2C71-4072-BE5D-2FECC9BAE859}.Release|Win32.Build.0 = Release|Win32
		{E0FF08C5-FD6F-4C3F-9309-82E3F1C58C0B}.Debug|Win32.ActiveCfg = Debug|Win32
		{E0FF08C5-FD6F-4C3F-9309-82E3F1C58C0B}.Debug|Win32.Build.0 = Debug|Win32
		{E0FF08C5-FD6F-4C3F-9309-82E3F1C58C0B}.Release|Win32.ActiveCfg = Release|Win32
		{E0FF08C5-FD6F-4C3F-9309-82E3F1C58C0B}.Release|Win32.Build.0 = Release|Win32
	EndGlobalSection
	GlobalSection(SolutionProperties) = preSolution
		HideSolutionNode = FALSE
	EndGlobalSection
EndGlobal
